
Microsoft Visual Studio Solution File, Format Version 12.00
# Visual Studio Version 17
VisualStudioVersion = 17.14.36109.1 d17.14
MinimumVisualStudioVersion = 10.0.40219.1
Project("{FAE04EC0-301F-11D3-BF4B-00C04F79EFBC}") = "BusinessObjects", "BusinessObjects\BusinessObjects.csproj", "{75372DBC-8832-439B-BE72-5C8661B83BF9}"
EndProject
Project("{FAE04EC0-301F-11D3-BF4B-00C04F79EFBC}") = "DataAccessLayer", "DataAccessLayer\DataAccessLayer.csproj", "{789F03FD-38B4-442B-B749-EBF1DAF363E1}"
EndProject
Project("{FAE04EC0-301F-11D3-BF4B-00C04F79EFBC}") = "Repositories", "Repositories\Repositories.csproj", "{68E595CC-9B23-4F18-B472-BE8024C17B81}"
EndProject
Project("{FAE04EC0-301F-11D3-BF4B-00C04F79EFBC}") = "Services", "Services\Services.csproj", "{22EB066A-8686-4338-8BC7-49A7DDB55E7F}"
EndProject
Project("{FAE04EC0-301F-11D3-BF4B-00C04F79EFBC}") = "WPFApp", "WPFApp\WPFApp.csproj", "{15A3FBA2-1B69-4AAC-A82D-2E3E5E5EADB8}"
EndProject
Global
	GlobalSection(SolutionConfigurationPlatforms) = preSolution
		Debug|Any CPU = Debug|Any CPU
		Release|Any CPU = Release|Any CPU
	EndGlobalSection
	GlobalSection(ProjectConfigurationPlatforms) = postSolution
		{75372DBC-8832-439B-BE72-5C8661B83BF9}.Debug|Any CPU.ActiveCfg = Debug|Any CPU
		{75372DBC-8832-439B-BE72-5C8661B83BF9}.Debug|Any CPU.Build.0 = Debug|Any CPU
		{75372DBC-8832-439B-BE72-5C8661B83BF9}.Release|Any CPU.ActiveCfg = Release|Any CPU
		{75372DBC-8832-439B-BE72-5C8661B83BF9}.Release|Any CPU.Build.0 = Release|Any CPU
		{789F03FD-38B4-442B-B749-EBF1DAF363E1}.Debug|Any CPU.ActiveCfg = Debug|Any CPU
		{789F03FD-38B4-442B-B749-EBF1DAF363E1}.Debug|Any CPU.Build.0 = Debug|Any CPU
		{789F03FD-38B4-442B-B749-EBF1DAF363E1}.Release|Any CPU.ActiveCfg = Release|Any CPU
		{789F03FD-38B4-442B-B749-EBF1DAF363E1}.Release|Any CPU.Build.0 = Release|Any CPU
		{68E595CC-9B23-4F18-B472-BE8024C17B81}.Debug|Any CPU.ActiveCfg = Debug|Any CPU
		{68E595CC-9B23-4F18-B472-BE8024C17B81}.Debug|Any CPU.Build.0 = Debug|Any CPU
		{68E595CC-9B23-4F18-B472-BE8024C17B81}.Release|Any CPU.ActiveCfg = Release|Any CPU
		{68E595CC-9B23-4F18-B472-BE8024C17B81}.Release|Any CPU.Build.0 = Release|Any CPU
		{22EB066A-8686-4338-8BC7-49A7DDB55E7F}.Debug|Any CPU.ActiveCfg = Debug|Any CPU
		{22EB066A-8686-4338-8BC7-49A7DDB55E7F}.Debug|Any CPU.Build.0 = Debug|Any CPU
		{22EB066A-8686-4338-8BC7-49A7DDB55E7F}.Release|Any CPU.ActiveCfg = Release|Any CPU
		{22EB066A-8686-4338-8BC7-49A7DDB55E7F}.Release|Any CPU.Build.0 = Release|Any CPU
		{15A3FBA2-1B69-4AAC-A82D-2E3E5E5EADB8}.Debug|Any CPU.ActiveCfg = Debug|Any CPU
		{15A3FBA2-1B69-4AAC-A82D-2E3E5E5EADB8}.Debug|Any CPU.Build.0 = Debug|Any CPU
		{15A3FBA2-1B69-4AAC-A82D-2E3E5E5EADB8}.Release|Any CPU.ActiveCfg = Release|Any CPU
		{15A3FBA2-1B69-4AAC-A82D-2E3E5E5EADB8}.Release|Any CPU.Build.0 = Release|Any CPU
	EndGlobalSection
	GlobalSection(SolutionProperties) = preSolution
		HideSolutionNode = FALSE
	EndGlobalSection
	GlobalSection(ExtensibilityGlobals) = postSolution
		SolutionGuid = {2E4D2CDE-D244-467C-B69A-C3749962DA02}
	EndGlobalSection
EndGlobal
